{
    "_meta": {
        "hash": {
            "sha256": "dc1b5853cab35cd3faaf2a1f61a9d2ad43aa6560da24d4473dec431462da404a"
        },
        "pipfile-spec": 6,
        "requires": {
            "python_version": "3.12"
        },
        "sources": [
            {
                "name": "pypi",
                "url": "https://pypi.org/simple",
                "verify_ssl": true
            }
        ]
    },
    "default": {
        "attrs": {
            "hashes": [
                "sha256:5cfb1b9148b5b086569baec03f20d7b6bf3bcacc9a42bebf87ffaaca362f6346",
                "sha256:81921eb96de3191c8258c199618104dd27ac608d9366f5e35d011eae1867ede2"
            ],
            "markers": "python_version >= '3.7'",
            "version": "==24.2.0"
        },
        "automat": {
            "hashes": [
                "sha256:b34227cf63f6325b8ad2399ede780675083e439b20c323d376373d8ee6306d88",
                "sha256:bf029a7bc3da1e2c24da2343e7598affaa9f10bf0ab63ff808566ce90551e02a"
            ],
            "markers": "python_version >= '3.8'",
            "version": "==24.8.1"
        },
        "certifi": {
            "hashes": [
                "sha256:922820b53db7a7257ffbda3f597266d435245903d80737e34f8a45ff3e3230d8",
                "sha256:bec941d2aa8195e248a60b31ff9f0558284cf01a52591ceda73ea9afffd69fd9"
            ],
            "markers": "python_version >= '3.6'",
            "version": "==2024.8.30"
        },
        "constantly": {
            "hashes": [
                "sha256:3fd9b4d1c3dc1ec9757f3c52aef7e53ad9323dbe39f51dfd4c43853b68dfa3f9",
                "sha256:aa92b70a33e2ac0bb33cd745eb61776594dc48764b06c35e0efd050b7f1c7cbd"
            ],
            "markers": "python_version >= '3.8'",
            "version": "==23.10.4"
        },
        "httpdate": {
            "hashes": [
                "sha256:6193785e6f195c080a8c2aee1c74cbffb02000be4e69b22cc6e8171a5c5783f4",
                "sha256:d383a5345a32d8115ab0ff333e6522690b4ce7474efc81598dda91dd41713a0a"
            ],
            "index": "pypi",
            "markers": "python_version >= '3.7'",
            "version": "==1.2.0"
        },
        "hyperlink": {
            "hashes": [
                "sha256:427af957daa58bc909471c6c40f74c5450fa123dd093fc53efd2e91d2705a56b",
                "sha256:e6b14c37ecb73e89c77d78cdb4c2cc8f3fb59a885c5b3f819ff4ed80f25af1b4"
            ],
            "version": "==21.0.0"
        },
        "idna": {
            "hashes": [
                "sha256:12f65c9b470abda6dc35cf8e63cc574b1c52b11df2c86030af0ac09b01b13ea9",
                "sha256:946d195a0d259cbba61165e88e65941f16e9b36ea6ddb97f00452bae8b1287d3"
            ],
            "markers": "python_version >= '3.6'",
            "version": "==3.10"
        },
        "incremental": {
            "hashes": [
                "sha256:8cb2c3431530bec48ad70513931a760f446ad6c25e8333ca5d95e24b0ed7b8fe",
                "sha256:fb4f1d47ee60efe87d4f6f0ebb5f70b9760db2b2574c59c8e8912be4ebd464c9"
            ],
            "markers": "python_version >= '3.8'",
            "version": "==24.7.2"
        },
        "leapseconds": {
            "hashes": [
                "sha256:59d38c5cbc72b70f1fc01ff1a7cd110fc4d42e7b312cce6624e5827396773026",
                "sha256:5d350d2c2177132a7699f326b39d2a3e81a1fc6c418ca72d1be2ed3ff360fa36"
            ],
            "markers": "python_version >= '3.7'",
            "version": "==2023.4.0"
        },
        "python-dateutil": {
            "hashes": [
                "sha256:37dd54208da7e1cd875388217d5e00ebd4179249f90fb72437e91a35459a0ad3",
                "sha256:a8b2bc7bffae282281c8140a97d3aa9c14da0b136dfe83f850eea9a5f7470427"
            ],
            "markers": "python_version >= '2.7' and python_version not in '3.0, 3.1, 3.2'",
            "version": "==2.9.0.post0"
        },
        "setuptools": {
            "hashes": [
                "sha256:753bb6ebf1f465a1912e19ed1d41f403a79173a9acf66a42e7e6aec45c3c16ec",
                "sha256:a7fcb66f68b4d9e8e66b42f9876150a3371558f98fa32222ffaa5bced76406f8"
            ],
            "markers": "python_version >= '3.8'",
            "version": "==75.2.0"
        },
        "six": {
            "hashes": [
                "sha256:1e61c37477a1626458e36f7b1d82aa5c9b094fa4802892072e49de9c60c4c926",
                "sha256:8abb2f1d86890a2dfb989f9a77cfcfd3e47c2a354b01111771326f8aa26e0254"
            ],
            "markers": "python_version >= '2.7' and python_version not in '3.0, 3.1, 3.2'",
            "version": "==1.16.0"
        },
        "swagger-client": {
            "editable": true,
            "file": "client"
        },
        "twisted": {
            "hashes": [
                "sha256:5a60147f044187a127ec7da96d170d49bcce50c6fd36f594e60f4587eff4d394",
                "sha256:734832ef98108136e222b5230075b1079dad8a3fc5637319615619a7725b0c81"
            ],
            "index": "pypi",
            "markers": "python_full_version >= '3.8.0'",
            "version": "==24.7.0"
        },
        "typing-extensions": {
            "hashes": [
                "sha256:04e5ca0351e0f3f85c6853954072df659d0d13fac324d0072316b67d7794700d",
                "sha256:1a7ead55c7e559dd4dee8856e3a88b41225abfe1ce8df57b7c13915fe121ffb8"
            ],
            "markers": "python_version >= '3.8'",
            "version": "==4.12.2"
        },
        "urllib3": {
            "hashes": [
                "sha256:ca899ca043dcb1bafa3e262d73aa25c465bfb49e0bd9dd5d59f1d0acba2f8fac",
                "sha256:e7d814a81dad81e6caf2ec9fdedb284ecc9c73076b62654547cc64ccdcae26e9"
            ],
            "markers": "python_version >= '3.8'",
            "version": "==2.2.3"
        },
        "zope.interface": {
            "hashes": [
                "sha256:07add15de0cc7e69917f7d286b64d54125c950aeb43efed7a5ea7172f000fbc1",
                "sha256:0ac20581fc6cd7c754f6dff0ae06fedb060fa0e9ea6309d8be8b2701d9ea51c4",
                "sha256:124149e2d42067b9c6597f4dafdc7a0983d0163868f897b7bb5dc850b14f9a87",
                "sha256:27cfb5205d68b12682b6e55ab8424662d96e8ead19550aad0796b08dd2c9a45e",
                "sha256:2a29ac607e970b5576547f0e3589ec156e04de17af42839eedcf478450687317",
                "sha256:2b6a4924f5bad9fe21d99f66a07da60d75696a136162427951ec3cb223a5570d",
                "sha256:2bd9e9f366a5df08ebbdc159f8224904c1c5ce63893984abb76954e6fbe4381a",
                "sha256:3bcff5c09d0215f42ba64b49205a278e44413d9bf9fa688fd9e42bfe472b5f4f",
                "sha256:3f005869a1a05e368965adb2075f97f8ee9a26c61898a9e52a9764d93774f237",
                "sha256:4a00ead2e24c76436e1b457a5132d87f83858330f6c923640b7ef82d668525d1",
                "sha256:4af4a12b459a273b0b34679a5c3dc5e34c1847c3dd14a628aa0668e19e638ea2",
                "sha256:5501e772aff595e3c54266bc1bfc5858e8f38974ce413a8f1044aae0f32a83a3",
                "sha256:5e28ea0bc4b084fc93a483877653a033062435317082cdc6388dec3438309faf",
                "sha256:5e956b1fd7f3448dd5e00f273072e73e50dfafcb35e4227e6d5af208075593c9",
                "sha256:5fcf379b875c610b5a41bc8a891841533f98de0520287d7f85e25386cd10d3e9",
                "sha256:6159e767d224d8f18deff634a1d3722e68d27488c357f62ebeb5f3e2f5288b1f",
                "sha256:661d5df403cd3c5b8699ac480fa7f58047a3253b029db690efa0c3cf209993ef",
                "sha256:711eebc77f2092c6a8b304bad0b81a6ce3cf5490b25574e7309fbc07d881e3af",
                "sha256:80a3c00b35f6170be5454b45abe2719ea65919a2f09e8a6e7b1362312a872cd3",
                "sha256:848b6fa92d7c8143646e64124ed46818a0049a24ecc517958c520081fd147685",
                "sha256:91b6c30689cfd87c8f264acb2fc16ad6b3c72caba2aec1bf189314cf1a84ca33",
                "sha256:9733a9a0f94ef53d7aa64661811b20875b5bc6039034c6e42fb9732170130573",
                "sha256:9940d5bc441f887c5f375ec62bcf7e7e495a2d5b1da97de1184a88fb567f06af",
                "sha256:9e3e48f3dea21c147e1b10c132016cb79af1159facca9736d231694ef5a740a8",
                "sha256:a14c9decf0eb61e0892631271d500c1e306c7b6901c998c7035e194d9150fdd1",
                "sha256:a735f82d2e3ed47ca01a20dfc4c779b966b16352650a8036ab3955aad151ed8a",
                "sha256:a99240b1d02dc469f6afbe7da1bf617645e60290c272968f4e53feec18d7dce8",
                "sha256:b7b25db127db3e6b597c5f74af60309c4ad65acd826f89609662f0dc33a54728",
                "sha256:b936d61dbe29572fd2cfe13e30b925e5383bed1aba867692670f5a2a2eb7b4e9",
                "sha256:bec001798ab62c3fc5447162bf48496ae9fba02edc295a9e10a0b0c639a6452e",
                "sha256:cc8a318162123eddbdf22fcc7b751288ce52e4ad096d3766ff1799244352449d",
                "sha256:d0a45b5af9f72c805ee668d1479480ca85169312211bed6ed18c343e39307d5f",
                "sha256:e53c291debef523b09e1fe3dffe5f35dde164f1c603d77f770b88a1da34b7ed6",
                "sha256:ec1ef1fdb6f014d5886b97e52b16d0f852364f447d2ab0f0c6027765777b6667",
                "sha256:ec59fe53db7d32abb96c6d4efeed84aab4a7c38c62d7a901a9b20c09dd936e7a",
                "sha256:f245d039f72e6f802902375755846f5de1ee1e14c3e8736c078565599bcab621",
                "sha256:ff115ef91c0eeac69cd92daeba36a9d8e14daee445b504eeea2b1c0b55821984"
            ],
            "markers": "python_version >= '3.8'",
            "version": "==7.1.0"
        }
    },
    "develop": {}
}
